# THIS IS AN AUTOGENERATED FILE. DO NOT EDIT THIS FILE DIRECTLY.
# yarn lockfile v1


"@clack/core@0.5.0":
  version "0.5.0"
  resolved "https://registry.yarnpkg.com/@clack/core/-/core-0.5.0.tgz#970df024a927d6af90111667a0384e233b5ffa1a"
  integrity sha512-p3y0FIOwaYRUPRcMO7+dlmLh8PSRcrjuTndsiA0WAFbWES0mLZlrjVoBRZ9DzkPFJZG6KGkJmoEAY0ZcVWTkow==
  dependencies:
    picocolors "^1.0.0"
    sisteransi "^1.0.5"

"@clack/prompts@^0.11.0":
  version "0.11.0"
  resolved "https://registry.yarnpkg.com/@clack/prompts/-/prompts-0.11.0.tgz#5c0218f2b46626a50d72d8a485681eb8d94bd2a7"
  integrity sha512-pMN5FcrEw9hUkZA4f+zLlzivQSeQf5dRGJjSUbvVYDLvpKCdQx5OaknvKzgbtXOizhP+SJJJjqEbOe55uKKfAw==
  dependencies:
    "@clack/core" "0.5.0"
    picocolors "^1.0.0"
    sisteransi "^1.0.5"

"@types/w3c-web-serial@^1.0.7":
  version "1.0.8"
  resolved "https://registry.yarnpkg.com/@types/w3c-web-serial/-/w3c-web-serial-1.0.8.tgz#38338a26b45ffbcc85596c3940bcafeb90200529"
  integrity sha512-QQOT+bxQJhRGXoZDZGLs3ksLud1dMNnMiSQtBA0w8KXvLpXX4oM4TZb6J0GgJ8UbCaHo5s9/4VQT8uXy9JER2A==

picocolors@^1.0.0:
  version "1.1.1"
  resolved "https://registry.yarnpkg.com/picocolors/-/picocolors-1.1.1.tgz#3d321af3eab939b083c8f929a1d12cda81c26b6b"
  integrity sha512-xceH2snhtb5M9liqDsmEw56le376mTZkEX/jEb/RxNFyegNul7eNslCXP9FDj/Lcu0X8KEyMceP2ntpaHrDEVA==

sisteransi@^1.0.5:
  version "1.0.5"
  resolved "https://registry.yarnpkg.com/sisteransi/-/sisteransi-1.0.5.tgz#134d681297756437cc05ca01370d3a7a571075ed"
  integrity sha512-bLGGlR1QxBcynn2d5YmDX4MGjlZvy2MRBDRNHLJ8VI6l6+9FUiyTFNJ0IveOSP0bcXgVDPRcfGqA0pjaqUpfVg==
